
Microsoft Visual Studio Solution File, Format Version 12.00
# Visual Studio Version 16
VisualStudioVersion = 16.0.31313.79
MinimumVisualStudioVersion = 10.0.40219.1
Project("{9A19103F-16F7-4668-BE54-9A1E7A4F7556}") = "CP380-B1-BlockList", "CP380-B1-BlockList.csproj", "{638CC946-C62C-4E90-9F64-92957E6C67F2}"
EndProject
Global
	GlobalSection(SolutionConfigurationPlatforms) = preSolution
		Debug|Any CPU = Debug|Any CPU
		Release|Any CPU = Release|Any CPU
	EndGlobalSection
	GlobalSection(ProjectConfigurationPlatforms) = postSolution
		{638CC946-C62C-4E90-9F64-92957E6C67F2}.Debug|Any CPU.ActiveCfg = Debug|Any CPU
		{638CC946-C62C-4E90-9F64-92957E6C67F2}.Debug|Any CPU.Build.0 = Debug|Any CPU
		{638CC946-C62C-4E90-9F64-92957E6C67F2}.Release|Any CPU.ActiveCfg = Release|Any CPU
		{638CC946-C62C-4E90-9F64-92957E6C67F2}.Release|Any CPU.Build.0 = Release|Any CPU
	EndGlobalSection
	GlobalSection(SolutionProperties) = preSolution
		HideSolutionNode = FALSE
	EndGlobalSection
	GlobalSection(ExtensibilityGlobals) = postSolution
		SolutionGuid = {3AB673CC-43E1-42CA-A3D4-55B920FCBEF9}
	EndGlobalSection
EndGlobal
